
Microsoft Visual Studio Solution File, Format Version 12.00
# Visual Studio 15
VisualStudioVersion = 15.0.28307.271
MinimumVisualStudioVersion = 10.0.40219.1
Project("{FAE04EC0-301F-11D3-BF4B-00C04F79EFBC}") = "TestForGithub", "TestForGithub\TestForGithub.csproj", "{5FD92D72-4806-4FD3-9B27-3C82B19810DF}"
EndProject
Global
	GlobalSection(SolutionConfigurationPlatforms) = preSolution
		Debug|Any CPU = Debug|Any CPU
		Release|Any CPU = Release|Any CPU
	EndGlobalSection
	GlobalSection(ProjectConfigurationPlatforms) = postSolution
		{5FD92D72-4806-4FD3-9B27-3C82B19810DF}.Debug|Any CPU.ActiveCfg = Debug|Any CPU
		{5FD92D72-4806-4FD3-9B27-3C82B19810DF}.Debug|Any CPU.Build.0 = Debug|Any CPU
		{5FD92D72-4806-4FD3-9B27-3C82B19810DF}.Release|Any CPU.ActiveCfg = Release|Any CPU
		{5FD92D72-4806-4FD3-9B27-3C82B19810DF}.Release|Any CPU.Build.0 = Release|Any CPU
	EndGlobalSection
	GlobalSection(SolutionProperties) = preSolution
		HideSolutionNode = FALSE
	EndGlobalSection
	GlobalSection(ExtensibilityGlobals) = postSolution
		SolutionGuid = {D023E127-F19E-40D2-BA94-0E20577A50A4}
	EndGlobalSection
EndGlobal
